
Microsoft Visual Studio Solution File, Format Version 12.00
# Visual Studio 15
VisualStudioVersion = 15.0.28010.2016
MinimumVisualStudioVersion = 10.0.40219.1
Project("{FAE04EC0-301F-11D3-BF4B-00C04F79EFBC}") = "Spider", "Spider\Spider.csproj", "{B1B7F20F-F40A-4048-AF91-D6F9E010612D}"
EndProject
Project("{FAE04EC0-301F-11D3-BF4B-00C04F79EFBC}") = "Spider.Infrastructure", "Spider.Infrastructure\Spider.Infrastructure.csproj", "{2C57C709-6E90-4355-A387-10D562791F6D}"
EndProject
Project("{FAE04EC0-301F-11D3-BF4B-00C04F79EFBC}") = "Spider.Http", "Spider.Http\Spider.Http.csproj", "{48625A1C-F8B4-4A8C-A1F9-3265C9EF9515}"
EndProject
Global
	GlobalSection(SolutionConfigurationPlatforms) = preSolution
		Debug|Any CPU = Debug|Any CPU
		Release|Any CPU = Release|Any CPU
	EndGlobalSection
	GlobalSection(ProjectConfigurationPlatforms) = postSolution
		{B1B7F20F-F40A-4048-AF91-D6F9E010612D}.Debug|Any CPU.ActiveCfg = Debug|Any CPU
		{B1B7F20F-F40A-4048-AF91-D6F9E010612D}.Debug|Any CPU.Build.0 = Debug|Any CPU
		{B1B7F20F-F40A-4048-AF91-D6F9E010612D}.Release|Any CPU.ActiveCfg = Release|Any CPU
		{B1B7F20F-F40A-4048-AF91-D6F9E010612D}.Release|Any CPU.Build.0 = Release|Any CPU
		{2C57C709-6E90-4355-A387-10D562791F6D}.Debug|Any CPU.ActiveCfg = Debug|Any CPU
		{2C57C709-6E90-4355-A387-10D562791F6D}.Debug|Any CPU.Build.0 = Debug|Any CPU
		{2C57C709-6E90-4355-A387-10D562791F6D}.Release|Any CPU.ActiveCfg = Release|Any CPU
		{2C57C709-6E90-4355-A387-10D562791F6D}.Release|Any CPU.Build.0 = Release|Any CPU
		{48625A1C-F8B4-4A8C-A1F9-3265C9EF9515}.Debug|Any CPU.ActiveCfg = Debug|Any CPU
		{48625A1C-F8B4-4A8C-A1F9-3265C9EF9515}.Debug|Any CPU.Build.0 = Debug|Any CPU
		{48625A1C-F8B4-4A8C-A1F9-3265C9EF9515}.Release|Any CPU.ActiveCfg = Release|Any CPU
		{48625A1C-F8B4-4A8C-A1F9-3265C9EF9515}.Release|Any CPU.Build.0 = Release|Any CPU
	EndGlobalSection
	GlobalSection(SolutionProperties) = preSolution
		HideSolutionNode = FALSE
	EndGlobalSection
	GlobalSection(ExtensibilityGlobals) = postSolution
		SolutionGuid = {5E23F9D2-E63E-418D-8673-9CA620EAA99A}
	EndGlobalSection
EndGlobal
